
Microsoft Visual Studio Solution File, Format Version 12.00
# Visual Studio Version 16
VisualStudioVersion = 16.0.30611.23
MinimumVisualStudioVersion = 10.0.40219.1
Project("{FAE04EC0-301F-11D3-BF4B-00C04F79EFBC}") = "oop_lab10", "oop_lab10\oop_lab10.csproj", "{F6388D65-7AC0-452A-B17C-C1C66E85872C}"
EndProject
Global
	GlobalSection(SolutionConfigurationPlatforms) = preSolution
		Debug|Any CPU = Debug|Any CPU
		Release|Any CPU = Release|Any CPU
	EndGlobalSection
	GlobalSection(ProjectConfigurationPlatforms) = postSolution
		{F6388D65-7AC0-452A-B17C-C1C66E85872C}.Debug|Any CPU.ActiveCfg = Debug|Any CPU
		{F6388D65-7AC0-452A-B17C-C1C66E85872C}.Debug|Any CPU.Build.0 = Debug|Any CPU
		{F6388D65-7AC0-452A-B17C-C1C66E85872C}.Release|Any CPU.ActiveCfg = Release|Any CPU
		{F6388D65-7AC0-452A-B17C-C1C66E85872C}.Release|Any CPU.Build.0 = Release|Any CPU
	EndGlobalSection
	GlobalSection(SolutionProperties) = preSolution
		HideSolutionNode = FALSE
	EndGlobalSection
	GlobalSection(ExtensibilityGlobals) = postSolution
		SolutionGuid = {5C38510A-49CE-43A0-BD67-7A0ADB2B9FE5}
	EndGlobalSection
EndGlobal
