
Microsoft Visual Studio Solution File, Format Version 12.00
# Visual Studio Version 16
VisualStudioVersion = 16.0.30611.23
MinimumVisualStudioVersion = 10.0.40219.1
Project("{FAE04EC0-301F-11D3-BF4B-00C04F79EFBC}") = "oop_lab16", "oop_lab16\oop_lab16.csproj", "{8D79416A-1A4D-4149-BE58-915BC9D2CD16}"
EndProject
Global
	GlobalSection(SolutionConfigurationPlatforms) = preSolution
		Debug|Any CPU = Debug|Any CPU
		Release|Any CPU = Release|Any CPU
	EndGlobalSection
	GlobalSection(ProjectConfigurationPlatforms) = postSolution
		{8D79416A-1A4D-4149-BE58-915BC9D2CD16}.Debug|Any CPU.ActiveCfg = Debug|Any CPU
		{8D79416A-1A4D-4149-BE58-915BC9D2CD16}.Debug|Any CPU.Build.0 = Debug|Any CPU
		{8D79416A-1A4D-4149-BE58-915BC9D2CD16}.Release|Any CPU.ActiveCfg = Release|Any CPU
		{8D79416A-1A4D-4149-BE58-915BC9D2CD16}.Release|Any CPU.Build.0 = Release|Any CPU
	EndGlobalSection
	GlobalSection(SolutionProperties) = preSolution
		HideSolutionNode = FALSE
	EndGlobalSection
	GlobalSection(ExtensibilityGlobals) = postSolution
		SolutionGuid = {22730350-DEE0-444B-A30E-162B77D4DDBE}
	EndGlobalSection
EndGlobal
