
Microsoft Visual Studio Solution File, Format Version 12.00
# Visual Studio Version 16
VisualStudioVersion = 16.0.30309.148
MinimumVisualStudioVersion = 10.0.40219.1
Project("{FAE04EC0-301F-11D3-BF4B-00C04F79EFBC}") = "oop_lab7", "oop_lab7\oop_lab7.csproj", "{159EAC9F-2548-4CA6-9871-65EA892FF5E2}"
EndProject
Global
	GlobalSection(SolutionConfigurationPlatforms) = preSolution
		Debug|Any CPU = Debug|Any CPU
		Release|Any CPU = Release|Any CPU
	EndGlobalSection
	GlobalSection(ProjectConfigurationPlatforms) = postSolution
		{159EAC9F-2548-4CA6-9871-65EA892FF5E2}.Debug|Any CPU.ActiveCfg = Debug|Any CPU
		{159EAC9F-2548-4CA6-9871-65EA892FF5E2}.Debug|Any CPU.Build.0 = Debug|Any CPU
		{159EAC9F-2548-4CA6-9871-65EA892FF5E2}.Release|Any CPU.ActiveCfg = Release|Any CPU
		{159EAC9F-2548-4CA6-9871-65EA892FF5E2}.Release|Any CPU.Build.0 = Release|Any CPU
	EndGlobalSection
	GlobalSection(SolutionProperties) = preSolution
		HideSolutionNode = FALSE
	EndGlobalSection
	GlobalSection(ExtensibilityGlobals) = postSolution
		SolutionGuid = {8DBE3701-511F-4A12-9787-0540494DFF4F}
	EndGlobalSection
EndGlobal
