
Microsoft Visual Studio Solution File, Format Version 12.00
# Visual Studio Version 16
VisualStudioVersion = 16.0.30611.23
MinimumVisualStudioVersion = 10.0.40219.1
Project("{FAE04EC0-301F-11D3-BF4B-00C04F79EFBC}") = "oop_lab15", "oop_lab15\oop_lab15.csproj", "{3B39DDDD-74BB-4DB6-9B45-FEBE6A445DFC}"
EndProject
Global
	GlobalSection(SolutionConfigurationPlatforms) = preSolution
		Debug|Any CPU = Debug|Any CPU
		Release|Any CPU = Release|Any CPU
	EndGlobalSection
	GlobalSection(ProjectConfigurationPlatforms) = postSolution
		{3B39DDDD-74BB-4DB6-9B45-FEBE6A445DFC}.Debug|Any CPU.ActiveCfg = Debug|Any CPU
		{3B39DDDD-74BB-4DB6-9B45-FEBE6A445DFC}.Debug|Any CPU.Build.0 = Debug|Any CPU
		{3B39DDDD-74BB-4DB6-9B45-FEBE6A445DFC}.Release|Any CPU.ActiveCfg = Release|Any CPU
		{3B39DDDD-74BB-4DB6-9B45-FEBE6A445DFC}.Release|Any CPU.Build.0 = Release|Any CPU
	EndGlobalSection
	GlobalSection(SolutionProperties) = preSolution
		HideSolutionNode = FALSE
	EndGlobalSection
	GlobalSection(ExtensibilityGlobals) = postSolution
		SolutionGuid = {22F690D0-553B-48FF-B17C-54EE6B06A753}
	EndGlobalSection
EndGlobal
